{
  "originHash" : "6181057d6fac93bb6dc21902a110651fd969b05c07853b639135fc1a7fbab401",
  "pins" : [
    {
      "identity" : "bcryptswift",
      "kind" : "remoteSourceControl",
      "location" : "https://github.com/wisetail/BCryptSwift.git",
      "state" : {
        "revision" : "9d89409837466ed5e51eb0c1e57cbd88e5d7d89d",
        "version" : "2.0.1"
      }
    },
    {
      "identity" : "swift-builders",
      "kind" : "remoteSourceControl",
      "location" : "https://github.com/davdroman/swift-builders",
      "state" : {
        "revision" : "72cfbfffd6a56883a3c590a87f88a71c819d6de3",
        "version" : "0.10.0"
      }
    },
    {
      "identity" : "swift-syntax",
      "kind" : "remoteSourceControl",
      "location" : "https://github.com/swiftlang/swift-syntax",
      "state" : {
        "revision" : "4799286537280063c85a32f09884cfbca301b1a1",
        "version" : "602.0.0"
      }
    },
    {
      "identity" : "textbuilder",
      "kind" : "remoteSourceControl",
      "location" : "https://github.com/davdroman/TextBuilder",
      "state" : {
        "revision" : "ec05ca50632342f9dfd6ecb787081312927ced65",
        "version" : "4.0.2"
      }
    }
  ],
  "version" : 3
}
